# THIS IS AN AUTOGENERATED FILE. DO NOT EDIT THIS FILE DIRECTLY.
# yarn lockfile v1


minuscule@^1.0.0:
  version "1.0.0"
  resolved "https://registry.yarnpkg.com/minuscule/-/minuscule-1.0.0.tgz#97e7e5e81c59c5d636ccdbec71e700292f2993c3"
  integrity sha512-2t+9G5BHTn45Wkp5S4tbkab0x0dI2NVVVp3jC416w5NWd/toM599unmvWen3xxGergbD1RoKHyL808rBjtAIkQ==
